// !$*UTF8*$!
{
	archiveVersion = 1;
	classes = {
	};
	objectVersion = 46;
	objects = {

/* Begin PBXBuildFile section */
		6C78F1C71E9CE41800CFF462 /* AppDelegate.swift in Sources */ = {isa = PBXBuildFile; fileRef = 6C78F1C61E9CE41800CFF462 /* AppDelegate.swift */; };
		6C78F1C91E9CE41800CFF462 /* ViewController.swift in Sources */ = {isa = PBXBuildFile; fileRef = 6C78F1C81E9CE41800CFF462 /* ViewController.swift */; };
		6C78F1CC1E9CE41800CFF462 /* Main.storyboard in Resources */ = {isa = PBXBuildFile; fileRef = 6C78F1CA1E9CE41800CFF462 /* Main.storyboard */; };
		6C78F1CE1E9CE41800CFF462 /* Assets.xcassets in Resources */ = {isa = PBXBuildFile; fileRef = 6C78F1CD1E9CE41800CFF462 /* Assets.xcassets */; };
		6C78F1D11E9CE41800CFF462 /* LaunchScreen.storyboard in Resources */ = {isa = PBXBuildFile; fileRef = 6C78F1CF1E9CE41800CFF462 /* LaunchScreen.storyboard */; };
		6C78F1E01E9CE4A000CFF462 /* madlib0_simple.txt in Resources */ = {isa = PBXBuildFile; fileRef = 6C78F1D91E9CE4A000CFF462 /* madlib0_simple.txt */; };
		6C78F1E11E9CE4A000CFF462 /* madlib1_tarzan.txt in Resources */ = {isa = PBXBuildFile; fileRef = 6C78F1DA1E9CE4A000CFF462 /* madlib1_tarzan.txt */; };
		6C78F1E21E9CE4A000CFF462 /* madlib2_university.txt in Resources */ = {isa = PBXBuildFile; fileRef = 6C78F1DB1E9CE4A000CFF462 /* madlib2_university.txt */; };
		6C78F1E31E9CE4A000CFF462 /* madlib3_clothes.txt in Resources */ = {isa = PBXBuildFile; fileRef = 6C78F1DC1E9CE4A000CFF462 /* madlib3_clothes.txt */; };
		6C78F1E41E9CE4A000CFF462 /* madlib4_dance.txt in Resources */ = {isa = PBXBuildFile; fileRef = 6C78F1DD1E9CE4A000CFF462 /* madlib4_dance.txt */; };
		6C78F1E51E9CE4A000CFF462 /* madlibs.png in Resources */ = {isa = PBXBuildFile; fileRef = 6C78F1DE1E9CE4A000CFF462 /* madlibs.png */; };
		6C78F1E61E9CE4A000CFF462 /* Story.swift in Sources */ = {isa = PBXBuildFile; fileRef = 6C78F1DF1E9CE4A000CFF462 /* Story.swift */; };
		6C78F1E81E9CFB5200CFF462 /* SecondViewController.swift in Sources */ = {isa = PBXBuildFile; fileRef = 6C78F1E71E9CFB5200CFF462 /* SecondViewController.swift */; };
		6C78F1EA1E9E6A6F00CFF462 /* ThirdViewController.swift in Sources */ = {isa = PBXBuildFile; fileRef = 6C78F1E91E9E6A6F00CFF462 /* ThirdViewController.swift */; };
/* End PBXBuildFile section */

/* Begin PBXFileReference section */
		6C78F1C31E9CE41800CFF462 /* YamievanWijnbergen-pset2.app */ = {isa = PBXFileReference; explicitFileType = wrapper.application; includeInIndex = 0; path = "YamievanWijnbergen-pset2.app"; sourceTree = BUILT_PRODUCTS_DIR; };
		6C78F1C61E9CE41800CFF462 /* AppDelegate.swift */ = {isa = PBXFileReference; lastKnownFileType = sourcecode.swift; path = AppDelegate.swift; sourceTree = "<group>"; };
		6C78F1C81E9CE41800CFF462 /* ViewController.swift */ = {isa = PBXFileReference; lastKnownFileType = sourcecode.swift; path = ViewController.swift; sourceTree = "<group>"; };
		6C78F1CB1E9CE41800CFF462 /* Base */ = {isa = PBXFileReference; lastKnownFileType = file.storyboard; name = Base; path = Base.lproj/Main.storyboard; sourceTree = "<group>"; };
		6C78F1CD1E9CE41800CFF462 /* Assets.xcassets */ = {isa = PBXFileReference; lastKnownFileType = folder.assetcatalog; path = Assets.xcassets; sourceTree = "<group>"; };
		6C78F1D01E9CE41800CFF462 /* Base */ = {isa = PBXFileReference; lastKnownFileType = file.storyboard; name = Base; path = Base.lproj/LaunchScreen.storyboard; sourceTree = "<group>"; };
		6C78F1D21E9CE41800CFF462 /* Info.plist */ = {isa = PBXFileReference; lastKnownFileType = text.plist.xml; path = Info.plist; sourceTree = "<group>"; };
		6C78F1D91E9CE4A000CFF462 /* madlib0_simple.txt */ = {isa = PBXFileReference; fileEncoding = 4; lastKnownFileType = text; path = madlib0_simple.txt; sourceTree = "<group>"; };
		6C78F1DA1E9CE4A000CFF462 /* madlib1_tarzan.txt */ = {isa = PBXFileReference; fileEncoding = 4; lastKnownFileType = text; path = madlib1_tarzan.txt; sourceTree = "<group>"; };
		6C78F1DB1E9CE4A000CFF462 /* madlib2_university.txt */ = {isa = PBXFileReference; fileEncoding = 4; lastKnownFileType = text; path = madlib2_university.txt; sourceTree = "<group>"; };
		6C78F1DC1E9CE4A000CFF462 /* madlib3_clothes.txt */ = {isa = PBXFileReference; fileEncoding = 4; lastKnownFileType = text; path = madlib3_clothes.txt; sourceTree = "<group>"; };
		6C78F1DD1E9CE4A000CFF462 /* madlib4_dance.txt */ = {isa = PBXFileReference; fileEncoding = 4; lastKnownFileType = text; path = madlib4_dance.txt; sourceTree = "<group>"; };
		6C78F1DE1E9CE4A000CFF462 /* madlibs.png */ = {isa = PBXFileReference; lastKnownFileType = image.png; path = madlibs.png; sourceTree = "<group>"; };
		6C78F1DF1E9CE4A000CFF462 /* Story.swift */ = {isa = PBXFileReference; fileEncoding = 4; lastKnownFileType = sourcecode.swift; path = Story.swift; sourceTree = "<group>"; };
		6C78F1E71E9CFB5200CFF462 /* SecondViewController.swift */ = {isa = PBXFileReference; fileEncoding = 4; lastKnownFileType = sourcecode.swift; path = SecondViewController.swift; sourceTree = "<group>"; };
		6C78F1E91E9E6A6F00CFF462 /* ThirdViewController.swift */ = {isa = PBXFileReference; fileEncoding = 4; lastKnownFileType = sourcecode.swift; path = ThirdViewController.swift; sourceTree = "<group>"; };
/* End PBXFileReference section */

/* Begin PBXFrameworksBuildPhase section */
		6C78F1C01E9CE41800CFF462 /* Frameworks */ = {
			isa = PBXFrameworksBuildPhase;
			buildActionMask = 2147483647;
			files = (
			);
			runOnlyForDeploymentPostprocessing = 0;
		};
/* End PBXFrameworksBuildPhase section */

/* Begin PBXGroup section */
		6C78F1BA1E9CE41800CFF462 = {
			isa = PBXGroup;
			children = (
				6C78F1C51E9CE41800CFF462 /* YamievanWijnbergen-pset2 */,
				6C78F1C41E9CE41800CFF462 /* Products */,
			);
			sourceTree = "<group>";
		};
		6C78F1C41E9CE41800CFF462 /* Products */ = {
			isa = PBXGroup;
			children = (
				6C78F1C31E9CE41800CFF462 /* YamievanWijnbergen-pset2.app */,
			);
			name = Products;
			sourceTree = "<group>";
		};
		6C78F1C51E9CE41800CFF462 /* YamievanWijnbergen-pset2 */ = {
			isa = PBXGroup;
			children = (
				6C78F1D81E9CE4A000CFF462 /* madlibs_ios */,
				6C78F1C61E9CE41800CFF462 /* AppDelegate.swift */,
				6C78F1C81E9CE41800CFF462 /* ViewController.swift */,
				6C78F1E71E9CFB5200CFF462 /* SecondViewController.swift */,
				6C78F1E91E9E6A6F00CFF462 /* ThirdViewController.swift */,
				6C78F1CA1E9CE41800CFF462 /* Main.storyboard */,
				6C78F1CD1E9CE41800CFF462 /* Assets.xcassets */,
				6C78F1CF1E9CE41800CFF462 /* LaunchScreen.storyboard */,
				6C78F1D21E9CE41800CFF462 /* Info.plist */,
			);
			path = "YamievanWijnbergen-pset2";
			sourceTree = "<group>";
		};
		6C78F1D81E9CE4A000CFF462 /* madlibs_ios */ = {
			isa = PBXGroup;
			children = (
				6C78F1D91E9CE4A000CFF462 /* madlib0_simple.txt */,
				6C78F1DA1E9CE4A000CFF462 /* madlib1_tarzan.txt */,
				6C78F1DB1E9CE4A000CFF462 /* madlib2_university.txt */,
				6C78F1DC1E9CE4A000CFF462 /* madlib3_clothes.txt */,
				6C78F1DD1E9CE4A000CFF462 /* madlib4_dance.txt */,
				6C78F1DE1E9CE4A000CFF462 /* madlibs.png */,
				6C78F1DF1E9CE4A000CFF462 /* Story.swift */,
			);
			path = madlibs_ios;
			sourceTree = "<group>";
		};
/* End PBXGroup section */

/* Begin PBXNativeTarget section */
		6C78F1C21E9CE41800CFF462 /* YamievanWijnbergen-pset2 */ = {
			isa = PBXNativeTarget;
			buildConfigurationList = 6C78F1D51E9CE41800CFF462 /* Build configuration list for PBXNativeTarget "YamievanWijnbergen-pset2" */;
			buildPhases = (
				6C78F1BF1E9CE41800CFF462 /* Sources */,
				6C78F1C01E9CE41800CFF462 /* Frameworks */,
				6C78F1C11E9CE41800CFF462 /* Resources */,
			);
			buildRules = (
			);
			dependencies = (
			);
			name = "YamievanWijnbergen-pset2";
			productName = "YamievanWijnbergen-pset2";
			productReference = 6C78F1C31E9CE41800CFF462 /* YamievanWijnbergen-pset2.app */;
			productType = "com.apple.product-type.application";
		};
/* End PBXNativeTarget section */

/* Begin PBXProject section */
		6C78F1BB1E9CE41800CFF462 /* Project object */ = {
			isa = PBXProject;
			attributes = {
				LastSwiftUpdateCheck = 0830;
				LastUpgradeCheck = 0830;
				ORGANIZATIONNAME = "Yamie van Wijnbergen";
				TargetAttributes = {
					6C78F1C21E9CE41800CFF462 = {
						CreatedOnToolsVersion = 8.3;
						ProvisioningStyle = Automatic;
					};
				};
			};
			buildConfigurationList = 6C78F1BE1E9CE41800CFF462 /* Build configuration list for PBXProject "YamievanWijnbergen-pset2" */;
			compatibilityVersion = "Xcode 3.2";
			developmentRegion = English;
			hasScannedForEncodings = 0;
			knownRegions = (
				en,
				Base,
			);
			mainGroup = 6C78F1BA1E9CE41800CFF462;
			productRefGroup = 6C78F1C41E9CE41800CFF462 /* Products */;
			projectDirPath = "";
			projectRoot = "";
			targets = (
				6C78F1C21E9CE41800CFF462 /* YamievanWijnbergen-pset2 */,
			);
		};
/* End PBXProject section */

/* Begin PBXResourcesBuildPhase section */
		6C78F1C11E9CE41800CFF462 /* Resources */ = {
			isa = PBXResourcesBuildPhase;
			buildActionMask = 2147483647;
			files = (
				6C78F1D11E9CE41800CFF462 /* LaunchScreen.storyboard in Resources */,
				6C78F1E31E9CE4A000CFF462 /* madlib3_clothes.txt in Resources */,
				6C78F1E11E9CE4A000CFF462 /* madlib1_tarzan.txt in Resources */,
				6C78F1E51E9CE4A000CFF462 /* madlibs.png in Resources */,
				6C78F1CE1E9CE41800CFF462 /* Assets.xcassets in Resources */,
				6C78F1E01E9CE4A000CFF462 /* madlib0_simple.txt in Resources */,
				6C78F1E21E9CE4A000CFF462 /* madlib2_university.txt in Resources */,
				6C78F1E41E9CE4A000CFF462 /* madlib4_dance.txt in Resources */,
				6C78F1CC1E9CE41800CFF462 /* Main.storyboard in Resources */,
			);
			runOnlyForDeploymentPostprocessing = 0;
		};
/* End PBXResourcesBuildPhase section */

/* Begin PBXSourcesBuildPhase section */
		6C78F1BF1E9CE41800CFF462 /* Sources */ = {
			isa = PBXSourcesBuildPhase;
			buildActionMask = 2147483647;
			files = (
				6C78F1E81E9CFB5200CFF462 /* SecondViewController.swift in Sources */,
				6C78F1C91E9CE41800CFF462 /* ViewController.swift in Sources */,
				6C78F1EA1E9E6A6F00CFF462 /* ThirdViewController.swift in Sources */,
				6C78F1C71E9CE41800CFF462 /* AppDelegate.swift in Sources */,
				6C78F1E61E9CE4A000CFF462 /* Story.swift in Sources */,
			);
			runOnlyForDeploymentPostprocessing = 0;
		};
/* End PBXSourcesBuildPhase section */

/* Begin PBXVariantGroup section */
		6C78F1CA1E9CE41800CFF462 /* Main.storyboard */ = {
			isa = PBXVariantGroup;
			children = (
				6C78F1CB1E9CE41800CFF462 /* Base */,
			);
			name = Main.storyboard;
			sourceTree = "<group>";
		};
		6C78F1CF1E9CE41800CFF462 /* LaunchScreen.storyboard */ = {
			isa = PBXVariantGroup;
			children = (
				6C78F1D01E9CE41800CFF462 /* Base */,
			);
			name = LaunchScreen.storyboard;
			sourceTree = "<group>";
		};
/* End PBXVariantGroup section */

/* Begin XCBuildConfiguration section */
		6C78F1D31E9CE41800CFF462 /* Debug */ = {
			isa = XCBuildConfiguration;
			buildSettings = {
				ALWAYS_SEARCH_USER_PATHS = NO;
				CLANG_ANALYZER_NONNULL = YES;
				CLANG_ANALYZER_NUMBER_OBJECT_CONVERSION = YES_AGGRESSIVE;
				CLANG_CXX_LANGUAGE_STANDARD = "gnu++0x";
				CLANG_CXX_LIBRARY = "libc++";
				CLANG_ENABLE_MODULES = YES;
				CLANG_ENABLE_OBJC_ARC = YES;
				CLANG_WARN_BOOL_CONVERSION = YES;
				CLANG_WARN_CONSTANT_CONVERSION = YES;
				CLANG_WARN_DIRECT_OBJC_ISA_USAGE = YES_ERROR;
				CLANG_WARN_DOCUMENTATION_COMMENTS = YES;
				CLANG_WARN_EMPTY_BODY = YES;
				CLANG_WARN_ENUM_CONVERSION = YES;
				CLANG_WARN_INFINITE_RECURSION = YES;
				CLANG_WARN_INT_CONVERSION = YES;
				CLANG_WARN_OBJC_ROOT_CLASS = YES_ERROR;
				CLANG_WARN_SUSPICIOUS_MOVE = YES;
				CLANG_WARN_UNREACHABLE_CODE = YES;
				CLANG_WARN__DUPLICATE_METHOD_MATCH = YES;
				"CODE_SIGN_IDENTITY[sdk=iphoneos*]" = "iPhone Developer";
				COPY_PHASE_STRIP = NO;
				DEBUG_INFORMATION_FORMAT = dwarf;
				ENABLE_STRICT_OBJC_MSGSEND = YES;
				ENABLE_TESTABILITY = YES;
				GCC_C_LANGUAGE_STANDARD = gnu99;
				GCC_DYNAMIC_NO_PIC = NO;
				GCC_NO_COMMON_BLOCKS = YES;
				GCC_OPTIMIZATION_LEVEL = 0;
				GCC_PREPROCESSOR_DEFINITIONS = (
					"DEBUG=1",
					"$(inherited)",
				);
				GCC_WARN_64_TO_32_BIT_CONVERSION = YES;
				GCC_WARN_ABOUT_RETURN_TYPE = YES_ERROR;
				GCC_WARN_UNDECLARED_SELECTOR = YES;
				GCC_WARN_UNINITIALIZED_AUTOS = YES_AGGRESSIVE;
				GCC_WARN_UNUSED_FUNCTION = YES;
				GCC_WARN_UNUSED_VARIABLE = YES;
				IPHONEOS_DEPLOYMENT_TARGET = 10.3;
				MTL_ENABLE_DEBUG_INFO = YES;
				ONLY_ACTIVE_ARCH = YES;
				SDKROOT = iphoneos;
				SWIFT_ACTIVE_COMPILATION_CONDITIONS = DEBUG;
				SWIFT_OPTIMIZATION_LEVEL = "-Onone";
				TARGETED_DEVICE_FAMILY = "1,2";
			};
			name = Debug;
		};
		6C78F1D41E9CE41800CFF462 /* Release */ = {
			isa = XCBuildConfiguration;
			buildSettings = {
				ALWAYS_SEARCH_USER_PATHS = NO;
				CLANG_ANALYZER_NONNULL = YES;
				CLANG_ANALYZER_NUMBER_OBJECT_CONVERSION = YES_AGGRESSIVE;
				CLANG_CXX_LANGUAGE_STANDARD = "gnu++0x";
				CLANG_CXX_LIBRARY = "libc++";
				CLANG_ENABLE_MODULES = YES;
				CLANG_ENABLE_OBJC_ARC = YES;
				CLANG_WARN_BOOL_CONVERSION = YES;
				CLANG_WARN_CONSTANT_CONVERSION = YES;
				CLANG_WARN_DIRECT_OBJC_ISA_USAGE = YES_ERROR;
				CLANG_WARN_DOCUMENTATION_COMMENTS = YES;
				CLANG_WARN_EMPTY_BODY = YES;
				CLANG_WARN_ENUM_CONVERSION = YES;
				CLANG_WARN_INFINITE_RECURSION = YES;
				CLANG_WARN_INT_CONVERSION = YES;
				CLANG_WARN_OBJC_ROOT_CLASS = YES_ERROR;
				CLANG_WARN_SUSPICIOUS_MOVE = YES;
				CLANG_WARN_UNREACHABLE_CODE = YES;
				CLANG_WARN__DUPLICATE_METHOD_MATCH = YES;
				"CODE_SIGN_IDENTITY[sdk=iphoneos*]" = "iPhone Developer";
				COPY_PHASE_STRIP = NO;
				DEBUG_INFORMATION_FORMAT = "dwarf-with-dsym";
				ENABLE_NS_ASSERTIONS = NO;
				ENABLE_STRICT_OBJC_MSGSEND = YES;
				GCC_C_LANGUAGE_STANDARD = gnu99;
				GCC_NO_COMMON_BLOCKS = YES;
				GCC_WARN_64_TO_32_BIT_CONVERSION = YES;
				GCC_WARN_ABOUT_RETURN_TYPE = YES_ERROR;
				GCC_WARN_UNDECLARED_SELECTOR = YES;
				GCC_WARN_UNINITIALIZED_AUTOS = YES_AGGRESSIVE;
				GCC_WARN_UNUSED_FUNCTION = YES;
				GCC_WARN_UNUSED_VARIABLE = YES;
				IPHONEOS_DEPLOYMENT_TARGET = 10.3;
				MTL_ENABLE_DEBUG_INFO = NO;
				SDKROOT = iphoneos;
				SWIFT_OPTIMIZATION_LEVEL = "-Owholemodule";
				TARGETED_DEVICE_FAMILY = "1,2";
				VALIDATE_PRODUCT = YES;
			};
			name = Release;
		};
		6C78F1D61E9CE41800CFF462 /* Debug */ = {
			isa = XCBuildConfiguration;
			buildSettings = {
				ASSETCATALOG_COMPILER_APPICON_NAME = AppIcon;
				INFOPLIST_FILE = "YamievanWijnbergen-pset2/Info.plist";
				LD_RUNPATH_SEARCH_PATHS = "$(inherited) @executable_path/Frameworks";
				PRODUCT_BUNDLE_IDENTIFIER = "nl.mprog.YamievanWijnbergen-pset2";
				PRODUCT_NAME = "$(TARGET_NAME)";
				SWIFT_VERSION = 3.0;
			};
			name = Debug;
		};
		6C78F1D71E9CE41800CFF462 /* Release */ = {
			isa = XCBuildConfiguration;
			buildSettings = {
				ASSETCATALOG_COMPILER_APPICON_NAME = AppIcon;
				INFOPLIST_FILE = "YamievanWijnbergen-pset2/Info.plist";
				LD_RUNPATH_SEARCH_PATHS = "$(inherited) @executable_path/Frameworks";
				PRODUCT_BUNDLE_IDENTIFIER = "nl.mprog.YamievanWijnbergen-pset2";
				PRODUCT_NAME = "$(TARGET_NAME)";
				SWIFT_VERSION = 3.0;
			};
			name = Release;
		};
/* End XCBuildConfiguration section */

/* Begin XCConfigurationList section */
		6C78F1BE1E9CE41800CFF462 /* Build configuration list for PBXProject "YamievanWijnbergen-pset2" */ = {
			isa = XCConfigurationList;
			buildConfigurations = (
				6C78F1D31E9CE41800CFF462 /* Debug */,
				6C78F1D41E9CE41800CFF462 /* Release */,
			);
			defaultConfigurationIsVisible = 0;
			defaultConfigurationName = Release;
		};
		6C78F1D51E9CE41800CFF462 /* Build configuration list for PBXNativeTarget "YamievanWijnbergen-pset2" */ = {
			isa = XCConfigurationList;
			buildConfigurations = (
				6C78F1D61E9CE41800CFF462 /* Debug */,
				6C78F1D71E9CE41800CFF462 /* Release */,
			);
			defaultConfigurationIsVisible = 0;
		};
/* End XCConfigurationList section */
	};
	rootObject = 6C78F1BB1E9CE41800CFF462 /* Project object */;
}
